
Microsoft Visual Studio Solution File, Format Version 10.00
# Visual Studio 2008
Project("{E24C65DC-7377-472B-9ABA-BC803B73C61A}") = "extension", "extension\", "{5AEA67C2-97C9-4BB4-B41E-D5FE2E274D4C}"
	ProjectSection(WebsiteProperties) = preProject
		TargetFramework = "3.5"
		Debug.AspNetCompiler.VirtualPath = "/extension"
		Debug.AspNetCompiler.PhysicalPath = "extension\"
		Debug.AspNetCompiler.TargetPath = "PrecompiledWeb\extension\"
		Debug.AspNetCompiler.Updateable = "true"
		Debug.AspNetCompiler.ForceOverwrite = "true"
		Debug.AspNetCompiler.FixedNames = "false"
		Debug.AspNetCompiler.Debug = "True"
		Release.AspNetCompiler.VirtualPath = "/extension"
		Release.AspNetCompiler.PhysicalPath = "extension\"
		Release.AspNetCompiler.TargetPath = "PrecompiledWeb\extension\"
		Release.AspNetCompiler.Updateable = "true"
		Release.AspNetCompiler.ForceOverwrite = "true"
		Release.AspNetCompiler.FixedNames = "false"
		Release.AspNetCompiler.Debug = "False"
		VWDPort = "3928"
		DefaultWebSiteLanguage = "Visual C#"
	EndProjectSection
EndProject
Global
	GlobalSection(SolutionConfigurationPlatforms) = preSolution
		Debug|Any CPU = Debug|Any CPU
	EndGlobalSection
	GlobalSection(ProjectConfigurationPlatforms) = postSolution
		{5AEA67C2-97C9-4BB4-B41E-D5FE2E274D4C}.Debug|Any CPU.ActiveCfg = Debug|Any CPU
		{5AEA67C2-97C9-4BB4-B41E-D5FE2E274D4C}.Debug|Any CPU.Build.0 = Debug|Any CPU
	EndGlobalSection
	GlobalSection(SolutionProperties) = preSolution
		HideSolutionNode = FALSE
	EndGlobalSection
EndGlobal
